
Microsoft Visual Studio Solution File, Format Version 12.00
# Visual Studio Version 16
VisualStudioVersion = 16.0.31702.278
MinimumVisualStudioVersion = 10.0.40219.1
Project("{FAE04EC0-301F-11D3-BF4B-00C04F79EFBC}") = "SimpleMVVM.Server", "SimpleMVVM\Server\SimpleMVVM.Server.csproj", "{1C84A168-8D40-4A9E-AC15-0C2E56469BB8}"
EndProject
Project("{FAE04EC0-301F-11D3-BF4B-00C04F79EFBC}") = "SimpleMVVM.Client", "SimpleMVVM\Client\SimpleMVVM.Client.csproj", "{D8CBD4A2-BD84-4DA6-B558-A13EA8A89CE6}"
EndProject
Project("{FAE04EC0-301F-11D3-BF4B-00C04F79EFBC}") = "SimpleMVVM.Shared", "SimpleMVVM\Shared\SimpleMVVM.Shared.csproj", "{564A6708-728F-4F47-8A3F-7DCCF486407D}"
EndProject
Global
	GlobalSection(SolutionConfigurationPlatforms) = preSolution
		Debug|Any CPU = Debug|Any CPU
		Release|Any CPU = Release|Any CPU
	EndGlobalSection
	GlobalSection(ProjectConfigurationPlatforms) = postSolution
		{1C84A168-8D40-4A9E-AC15-0C2E56469BB8}.Debug|Any CPU.ActiveCfg = Debug|Any CPU
		{1C84A168-8D40-4A9E-AC15-0C2E56469BB8}.Debug|Any CPU.Build.0 = Debug|Any CPU
		{1C84A168-8D40-4A9E-AC15-0C2E56469BB8}.Release|Any CPU.ActiveCfg = Release|Any CPU
		{1C84A168-8D40-4A9E-AC15-0C2E56469BB8}.Release|Any CPU.Build.0 = Release|Any CPU
		{D8CBD4A2-BD84-4DA6-B558-A13EA8A89CE6}.Debug|Any CPU.ActiveCfg = Debug|Any CPU
		{D8CBD4A2-BD84-4DA6-B558-A13EA8A89CE6}.Debug|Any CPU.Build.0 = Debug|Any CPU
		{D8CBD4A2-BD84-4DA6-B558-A13EA8A89CE6}.Release|Any CPU.ActiveCfg = Release|Any CPU
		{D8CBD4A2-BD84-4DA6-B558-A13EA8A89CE6}.Release|Any CPU.Build.0 = Release|Any CPU
		{564A6708-728F-4F47-8A3F-7DCCF486407D}.Debug|Any CPU.ActiveCfg = Debug|Any CPU
		{564A6708-728F-4F47-8A3F-7DCCF486407D}.Debug|Any CPU.Build.0 = Debug|Any CPU
		{564A6708-728F-4F47-8A3F-7DCCF486407D}.Release|Any CPU.ActiveCfg = Release|Any CPU
		{564A6708-728F-4F47-8A3F-7DCCF486407D}.Release|Any CPU.Build.0 = Release|Any CPU
	EndGlobalSection
	GlobalSection(SolutionProperties) = preSolution
		HideSolutionNode = FALSE
	EndGlobalSection
	GlobalSection(ExtensibilityGlobals) = postSolution
		SolutionGuid = {F064FA62-9592-4A9F-80FB-1351E855C9FF}
	EndGlobalSection
EndGlobal
